
Microsoft Visual Studio Solution File, Format Version 12.00
# Visual Studio Version 17
VisualStudioVersion = 17.11.35327.3
MinimumVisualStudioVersion = 10.0.40219.1
Project("{2150E333-8FDC-42A3-9474-1A3956D46DE8}") = "Task0", "Task0", "{9B3A53B7-3AEB-4E28-8C26-E1DB961FE04C}"
EndProject
Project("{FAE04EC0-301F-11D3-BF4B-00C04F79EFBC}") = "Tyuiu.ShindinDN.Sprint2.Task0.V14", "Tyuiu.ShindinDN.Sprint2.Task0.V14\Tyuiu.ShindinDN.Sprint2.Task0.V14.csproj", "{F5BAA4E8-05FD-4A65-ADCE-5B1E652BFD35}"
EndProject
Project("{FAE04EC0-301F-11D3-BF4B-00C04F79EFBC}") = "Tyuiu.ShindinDN.Sprint2.Task0.V14.Lib", "Tyuiu.ShindinDN.Sprint2.Task0.V14.Lib\Tyuiu.ShindinDN.Sprint2.Task0.V14.Lib.csproj", "{753EC0AB-D667-4E0E-81BD-41067CD2C020}"
EndProject
Project("{FAE04EC0-301F-11D3-BF4B-00C04F79EFBC}") = "Tyuiu.ShindinDN.Sprint2.Task0.V14.Test", "Tyuiu.ShindinDN.Sprint2.Task0.V14.Test\Tyuiu.ShindinDN.Sprint2.Task0.V14.Test.csproj", "{93C79D9F-F460-4A5E-95C8-F7C88D4D4A30}"
EndProject
Project("{2150E333-8FDC-42A3-9474-1A3956D46DE8}") = "Task1", "Task1", "{7545EEB9-32F2-4CFD-9040-0285EDDA21C8}"
EndProject
Project("{FAE04EC0-301F-11D3-BF4B-00C04F79EFBC}") = "Tyuiu.ShindinDN.Sprint2.Task1.V16", "Tyuiu.ShindinDN.Sprint2.Task1.V16\Tyuiu.ShindinDN.Sprint2.Task1.V16.csproj", "{A6533964-5667-4026-9CBB-ACD6CC1AFF35}"
EndProject
Project("{FAE04EC0-301F-11D3-BF4B-00C04F79EFBC}") = "Tyuiu.ShindinDN.Sprint2.Task1.V16.Lib", "Tyuiu.ShindinDN.Sprint2.Task1.V16.Lib\Tyuiu.ShindinDN.Sprint2.Task1.V16.Lib.csproj", "{66AD3DD0-3341-40DE-BE35-343007E44B2C}"
EndProject
Project("{FAE04EC0-301F-11D3-BF4B-00C04F79EFBC}") = "Tyuiu.ShindinDN.Sprint2.Task1.V16.Test", "Tyuiu.ShindinDN.Sprint2.Task1.V16.Test\Tyuiu.ShindinDN.Sprint2.Task1.V16.Test.csproj", "{D961541E-5CAD-4805-870C-261372C71E61}"
EndProject
Project("{2150E333-8FDC-42A3-9474-1A3956D46DE8}") = "Task2", "Task2", "{018B1866-E957-4639-9AC6-9070E6798130}"
EndProject
Project("{FAE04EC0-301F-11D3-BF4B-00C04F79EFBC}") = "Tyuiu.ShindinDN.Sprint2.Task2.V20", "Tyuiu.ShindinDN.Sprint2.Task2.V20\Tyuiu.ShindinDN.Sprint2.Task2.V20.csproj", "{1A5907D0-AB05-49C9-A699-80F4F7DAB6D5}"
EndProject
Project("{FAE04EC0-301F-11D3-BF4B-00C04F79EFBC}") = "Tyuiu.ShindinDN.Sprint2.Task2.V20.Lib", "Tyuiu.ShindinDN.Sprint2.Task2.V20.Lib\Tyuiu.ShindinDN.Sprint2.Task2.V20.Lib.csproj", "{8EDA66D9-C543-4BA6-A482-1DFF392C50C7}"
EndProject
Project("{FAE04EC0-301F-11D3-BF4B-00C04F79EFBC}") = "Tyuiu.ShindinDN.Sprint2.Task2.V20.Test", "Tyuiu.ShindinDN.Sprint2.Task2.V20.Test\Tyuiu.ShindinDN.Sprint2.Task2.V20.Test.csproj", "{EAFF1E0E-9099-47CD-A450-9AB4DD5A0A4B}"
EndProject
Project("{2150E333-8FDC-42A3-9474-1A3956D46DE8}") = "Task3", "Task3", "{F410868A-F6D0-4024-9537-E5A15A3BA0C1}"
EndProject
Project("{FAE04EC0-301F-11D3-BF4B-00C04F79EFBC}") = "Tyuiu.ShindinDN.Sprint2.Task3.V4", "Tyuiu.ShindinDN.Sprint2.Task3.V4\Tyuiu.ShindinDN.Sprint2.Task3.V4.csproj", "{BCEE2F53-5050-4C6B-AF12-A5118F85B596}"
EndProject
Project("{FAE04EC0-301F-11D3-BF4B-00C04F79EFBC}") = "Tyuiu.ShindinDN.Sprint2.Task3.V4.Lib", "Tyuiu.ShindinDN.Sprint2.Task3.V4.Lib\Tyuiu.ShindinDN.Sprint2.Task3.V4.Lib.csproj", "{D6045127-73E1-4985-922A-144EB92D07F5}"
EndProject
Project("{FAE04EC0-301F-11D3-BF4B-00C04F79EFBC}") = "Tyuiu.ShindinDN.Sprint2.Task3.V4.Test", "Tyuiu.ShindinDN.Sprint2.Task3.V4.Test\Tyuiu.ShindinDN.Sprint2.Task3.V4.Test.csproj", "{C1DEF48F-A423-4B19-9E49-27FEE499B5F2}"
EndProject
Project("{2150E333-8FDC-42A3-9474-1A3956D46DE8}") = "Task4", "Task4", "{03A9D2D9-4164-4CBC-B216-13061821A041}"
EndProject
Project("{FAE04EC0-301F-11D3-BF4B-00C04F79EFBC}") = "Tyuiu.ShindinDN.Sprint2.Task4.V13", "Tyuiu.ShindinDN.Sprint2.Task4.V13\Tyuiu.ShindinDN.Sprint2.Task4.V13.csproj", "{8113FF9C-E575-49C6-8222-05E23B363638}"
EndProject
Project("{FAE04EC0-301F-11D3-BF4B-00C04F79EFBC}") = "Tyuiu.ShindinDN.Sprint2.Task4.V13.Lib", "Tyuiu.ShindinDN.Sprint2.Task4.V13.Lib\Tyuiu.ShindinDN.Sprint2.Task4.V13.Lib.csproj", "{B10B36B3-7F78-40E6-AA05-171E0954A04A}"
EndProject
Project("{FAE04EC0-301F-11D3-BF4B-00C04F79EFBC}") = "Tyuiu.ShindinDN.Sprint2.Task4.V13.Test", "Tyuiu.ShindinDN.Sprint2.Task4.V13.Test\Tyuiu.ShindinDN.Sprint2.Task4.V13.Test.csproj", "{65EF00E6-E3AE-472F-BC0A-40A4E6B7BB22}"
EndProject
Project("{2150E333-8FDC-42A3-9474-1A3956D46DE8}") = "Task5", "Task5", "{F782A216-7F40-4584-8171-E3CC4BBDBC5A}"
EndProject
Project("{FAE04EC0-301F-11D3-BF4B-00C04F79EFBC}") = "Tyuiu.ShindinDN.Sprint2.Task5.V3", "Tyuiu.ShindinDN.Sprint2.Task5.V3\Tyuiu.ShindinDN.Sprint2.Task5.V3.csproj", "{F506A039-D05F-4E07-A89E-E0ED5875F23E}"
EndProject
Project("{FAE04EC0-301F-11D3-BF4B-00C04F79EFBC}") = "Tyuiu.ShindinDN.Sprint2.Task5.V3.Lib", "Tyuiu.ShindinDN.Sprint2.Task5.V3.Lib\Tyuiu.ShindinDN.Sprint2.Task5.V3.Lib.csproj", "{2A6ADF54-10E2-4B62-B495-58B67FDEA344}"
EndProject
Project("{FAE04EC0-301F-11D3-BF4B-00C04F79EFBC}") = "Tyuiu.ShindinDN.Sprint2.Task5.V3.Test", "Tyuiu.ShindinDN.Sprint2.Task5.V3.Test\Tyuiu.ShindinDN.Sprint2.Task5.V3.Test.csproj", "{9E1F290F-AA38-45FE-814F-A8DE54F236B4}"
EndProject
Project("{2150E333-8FDC-42A3-9474-1A3956D46DE8}") = "Task6", "Task6", "{C878E9CC-0B69-440C-AA62-F77EBDA5EBD5}"
EndProject
Project("{FAE04EC0-301F-11D3-BF4B-00C04F79EFBC}") = "Tyuiu.ShindinDN.Sprint2.Task6.V1", "Tyuiu.ShindinDN.Sprint2.Task6.V1\Tyuiu.ShindinDN.Sprint2.Task6.V1.csproj", "{C4C47F9C-4C57-4913-8305-A104CEEF953F}"
EndProject
Project("{FAE04EC0-301F-11D3-BF4B-00C04F79EFBC}") = "Tyuiu.ShindinDN.Sprint2.Task6.V1.Lib", "Tyuiu.ShindinDN.Sprint2.Task6.V1.Lib\Tyuiu.ShindinDN.Sprint2.Task6.V1.Lib.csproj", "{42D235A3-D8EF-4965-AAE0-3D8306108C06}"
EndProject
Project("{FAE04EC0-301F-11D3-BF4B-00C04F79EFBC}") = "Tyuiu.ShindinDN.Sprint2.Task6.V1.Test", "Tyuiu.ShindinDN.Sprint2.Task6.V1.Test\Tyuiu.ShindinDN.Sprint2.Task6.V1.Test.csproj", "{7D4DF218-DCFC-4B79-BABC-BE8FB6BC4FEF}"
EndProject
Global
	GlobalSection(SolutionConfigurationPlatforms) = preSolution
		Debug|Any CPU = Debug|Any CPU
		Release|Any CPU = Release|Any CPU
	EndGlobalSection
	GlobalSection(ProjectConfigurationPlatforms) = postSolution
		{F5BAA4E8-05FD-4A65-ADCE-5B1E652BFD35}.Debug|Any CPU.ActiveCfg = Debug|Any CPU
		{F5BAA4E8-05FD-4A65-ADCE-5B1E652BFD35}.Debug|Any CPU.Build.0 = Debug|Any CPU
		{F5BAA4E8-05FD-4A65-ADCE-5B1E652BFD35}.Release|Any CPU.ActiveCfg = Release|Any CPU
		{F5BAA4E8-05FD-4A65-ADCE-5B1E652BFD35}.Release|Any CPU.Build.0 = Release|Any CPU
		{753EC0AB-D667-4E0E-81BD-41067CD2C020}.Debug|Any CPU.ActiveCfg = Debug|Any CPU
		{753EC0AB-D667-4E0E-81BD-41067CD2C020}.Debug|Any CPU.Build.0 = Debug|Any CPU
		{753EC0AB-D667-4E0E-81BD-41067CD2C020}.Release|Any CPU.ActiveCfg = Release|Any CPU
		{753EC0AB-D667-4E0E-81BD-41067CD2C020}.Release|Any CPU.Build.0 = Release|Any CPU
		{93C79D9F-F460-4A5E-95C8-F7C88D4D4A30}.Debug|Any CPU.ActiveCfg = Debug|Any CPU
		{93C79D9F-F460-4A5E-95C8-F7C88D4D4A30}.Debug|Any CPU.Build.0 = Debug|Any CPU
		{93C79D9F-F460-4A5E-95C8-F7C88D4D4A30}.Release|Any CPU.ActiveCfg = Release|Any CPU
		{93C79D9F-F460-4A5E-95C8-F7C88D4D4A30}.Release|Any CPU.Build.0 = Release|Any CPU
		{A6533964-5667-4026-9CBB-ACD6CC1AFF35}.Debug|Any CPU.ActiveCfg = Debug|Any CPU
		{A6533964-5667-4026-9CBB-ACD6CC1AFF35}.Debug|Any CPU.Build.0 = Debug|Any CPU
		{A6533964-5667-4026-9CBB-ACD6CC1AFF35}.Release|Any CPU.ActiveCfg = Release|Any CPU
		{A6533964-5667-4026-9CBB-ACD6CC1AFF35}.Release|Any CPU.Build.0 = Release|Any CPU
		{66AD3DD0-3341-40DE-BE35-343007E44B2C}.Debug|Any CPU.ActiveCfg = Debug|Any CPU
		{66AD3DD0-3341-40DE-BE35-343007E44B2C}.Debug|Any CPU.Build.0 = Debug|Any CPU
		{66AD3DD0-3341-40DE-BE35-343007E44B2C}.Release|Any CPU.ActiveCfg = Release|Any CPU
		{66AD3DD0-3341-40DE-BE35-343007E44B2C}.Release|Any CPU.Build.0 = Release|Any CPU
		{D961541E-5CAD-4805-870C-261372C71E61}.Debug|Any CPU.ActiveCfg = Debug|Any CPU
		{D961541E-5CAD-4805-870C-261372C71E61}.Debug|Any CPU.Build.0 = Debug|Any CPU
		{D961541E-5CAD-4805-870C-261372C71E61}.Release|Any CPU.ActiveCfg = Release|Any CPU
		{D961541E-5CAD-4805-870C-261372C71E61}.Release|Any CPU.Build.0 = Release|Any CPU
		{1A5907D0-AB05-49C9-A699-80F4F7DAB6D5}.Debug|Any CPU.ActiveCfg = Debug|Any CPU
		{1A5907D0-AB05-49C9-A699-80F4F7DAB6D5}.Debug|Any CPU.Build.0 = Debug|Any CPU
		{1A5907D0-AB05-49C9-A699-80F4F7DAB6D5}.Release|Any CPU.ActiveCfg = Release|Any CPU
		{1A5907D0-AB05-49C9-A699-80F4F7DAB6D5}.Release|Any CPU.Build.0 = Release|Any CPU
		{8EDA66D9-C543-4BA6-A482-1DFF392C50C7}.Debug|Any CPU.ActiveCfg = Debug|Any CPU
		{8EDA66D9-C543-4BA6-A482-1DFF392C50C7}.Debug|Any CPU.Build.0 = Debug|Any CPU
		{8EDA66D9-C543-4BA6-A482-1DFF392C50C7}.Release|Any CPU.ActiveCfg = Release|Any CPU
		{8EDA66D9-C543-4BA6-A482-1DFF392C50C7}.Release|Any CPU.Build.0 = Release|Any CPU
		{EAFF1E0E-9099-47CD-A450-9AB4DD5A0A4B}.Debug|Any CPU.ActiveCfg = Debug|Any CPU
		{EAFF1E0E-9099-47CD-A450-9AB4DD5A0A4B}.Debug|Any CPU.Build.0 = Debug|Any CPU
		{EAFF1E0E-9099-47CD-A450-9AB4DD5A0A4B}.Release|Any CPU.ActiveCfg = Release|Any CPU
		{EAFF1E0E-9099-47CD-A450-9AB4DD5A0A4B}.Release|Any CPU.Build.0 = Release|Any CPU
		{BCEE2F53-5050-4C6B-AF12-A5118F85B596}.Debug|Any CPU.ActiveCfg = Debug|Any CPU
		{BCEE2F53-5050-4C6B-AF12-A5118F85B596}.Debug|Any CPU.Build.0 = Debug|Any CPU
		{BCEE2F53-5050-4C6B-AF12-A5118F85B596}.Release|Any CPU.ActiveCfg = Release|Any CPU
		{BCEE2F53-5050-4C6B-AF12-A5118F85B596}.Release|Any CPU.Build.0 = Release|Any CPU
		{D6045127-73E1-4985-922A-144EB92D07F5}.Debug|Any CPU.ActiveCfg = Debug|Any CPU
		{D6045127-73E1-4985-922A-144EB92D07F5}.Debug|Any CPU.Build.0 = Debug|Any CPU
		{D6045127-73E1-4985-922A-144EB92D07F5}.Release|Any CPU.ActiveCfg = Release|Any CPU
		{D6045127-73E1-4985-922A-144EB92D07F5}.Release|Any CPU.Build.0 = Release|Any CPU
		{C1DEF48F-A423-4B19-9E49-27FEE499B5F2}.Debug|Any CPU.ActiveCfg = Debug|Any CPU
		{C1DEF48F-A423-4B19-9E49-27FEE499B5F2}.Debug|Any CPU.Build.0 = Debug|Any CPU
		{C1DEF48F-A423-4B19-9E49-27FEE499B5F2}.Release|Any CPU.ActiveCfg = Release|Any CPU
		{C1DEF48F-A423-4B19-9E49-27FEE499B5F2}.Release|Any CPU.Build.0 = Release|Any CPU
		{8113FF9C-E575-49C6-8222-05E23B363638}.Debug|Any CPU.ActiveCfg = Debug|Any CPU
		{8113FF9C-E575-49C6-8222-05E23B363638}.Debug|Any CPU.Build.0 = Debug|Any CPU
		{8113FF9C-E575-49C6-8222-05E23B363638}.Release|Any CPU.ActiveCfg = Release|Any CPU
		{8113FF9C-E575-49C6-8222-05E23B363638}.Release|Any CPU.Build.0 = Release|Any CPU
		{B10B36B3-7F78-40E6-AA05-171E0954A04A}.Debug|Any CPU.ActiveCfg = Debug|Any CPU
		{B10B36B3-7F78-40E6-AA05-171E0954A04A}.Debug|Any CPU.Build.0 = Debug|Any CPU
		{B10B36B3-7F78-40E6-AA05-171E0954A04A}.Release|Any CPU.ActiveCfg = Release|Any CPU
		{B10B36B3-7F78-40E6-AA05-171E0954A04A}.Release|Any CPU.Build.0 = Release|Any CPU
		{65EF00E6-E3AE-472F-BC0A-40A4E6B7BB22}.Debug|Any CPU.ActiveCfg = Debug|Any CPU
		{65EF00E6-E3AE-472F-BC0A-40A4E6B7BB22}.Debug|Any CPU.Build.0 = Debug|Any CPU
		{65EF00E6-E3AE-472F-BC0A-40A4E6B7BB22}.Release|Any CPU.ActiveCfg = Release|Any CPU
		{65EF00E6-E3AE-472F-BC0A-40A4E6B7BB22}.Release|Any CPU.Build.0 = Release|Any CPU
		{F506A039-D05F-4E07-A89E-E0ED5875F23E}.Debug|Any CPU.ActiveCfg = Debug|Any CPU
		{F506A039-D05F-4E07-A89E-E0ED5875F23E}.Debug|Any CPU.Build.0 = Debug|Any CPU
		{F506A039-D05F-4E07-A89E-E0ED5875F23E}.Release|Any CPU.ActiveCfg = Release|Any CPU
		{F506A039-D05F-4E07-A89E-E0ED5875F23E}.Release|Any CPU.Build.0 = Release|Any CPU
		{2A6ADF54-10E2-4B62-B495-58B67FDEA344}.Debug|Any CPU.ActiveCfg = Debug|Any CPU
		{2A6ADF54-10E2-4B62-B495-58B67FDEA344}.Debug|Any CPU.Build.0 = Debug|Any CPU
		{2A6ADF54-10E2-4B62-B495-58B67FDEA344}.Release|Any CPU.ActiveCfg = Release|Any CPU
		{2A6ADF54-10E2-4B62-B495-58B67FDEA344}.Release|Any CPU.Build.0 = Release|Any CPU
		{9E1F290F-AA38-45FE-814F-A8DE54F236B4}.Debug|Any CPU.ActiveCfg = Debug|Any CPU
		{9E1F290F-AA38-45FE-814F-A8DE54F236B4}.Debug|Any CPU.Build.0 = Debug|Any CPU
		{9E1F290F-AA38-45FE-814F-A8DE54F236B4}.Release|Any CPU.ActiveCfg = Release|Any CPU
		{9E1F290F-AA38-45FE-814F-A8DE54F236B4}.Release|Any CPU.Build.0 = Release|Any CPU
		{C4C47F9C-4C57-4913-8305-A104CEEF953F}.Debug|Any CPU.ActiveCfg = Debug|Any CPU
		{C4C47F9C-4C57-4913-8305-A104CEEF953F}.Debug|Any CPU.Build.0 = Debug|Any CPU
		{C4C47F9C-4C57-4913-8305-A104CEEF953F}.Release|Any CPU.ActiveCfg = Release|Any CPU
		{C4C47F9C-4C57-4913-8305-A104CEEF953F}.Release|Any CPU.Build.0 = Release|Any CPU
		{42D235A3-D8EF-4965-AAE0-3D8306108C06}.Debug|Any CPU.ActiveCfg = Debug|Any CPU
		{42D235A3-D8EF-4965-AAE0-3D8306108C06}.Debug|Any CPU.Build.0 = Debug|Any CPU
		{42D235A3-D8EF-4965-AAE0-3D8306108C06}.Release|Any CPU.ActiveCfg = Release|Any CPU
		{42D235A3-D8EF-4965-AAE0-3D8306108C06}.Release|Any CPU.Build.0 = Release|Any CPU
		{7D4DF218-DCFC-4B79-BABC-BE8FB6BC4FEF}.Debug|Any CPU.ActiveCfg = Debug|Any CPU
		{7D4DF218-DCFC-4B79-BABC-BE8FB6BC4FEF}.Debug|Any CPU.Build.0 = Debug|Any CPU
		{7D4DF218-DCFC-4B79-BABC-BE8FB6BC4FEF}.Release|Any CPU.ActiveCfg = Release|Any CPU
		{7D4DF218-DCFC-4B79-BABC-BE8FB6BC4FEF}.Release|Any CPU.Build.0 = Release|Any CPU
	EndGlobalSection
	GlobalSection(SolutionProperties) = preSolution
		HideSolutionNode = FALSE
	EndGlobalSection
	GlobalSection(NestedProjects) = preSolution
		{F5BAA4E8-05FD-4A65-ADCE-5B1E652BFD35} = {9B3A53B7-3AEB-4E28-8C26-E1DB961FE04C}
		{753EC0AB-D667-4E0E-81BD-41067CD2C020} = {9B3A53B7-3AEB-4E28-8C26-E1DB961FE04C}
		{93C79D9F-F460-4A5E-95C8-F7C88D4D4A30} = {9B3A53B7-3AEB-4E28-8C26-E1DB961FE04C}
		{A6533964-5667-4026-9CBB-ACD6CC1AFF35} = {7545EEB9-32F2-4CFD-9040-0285EDDA21C8}
		{66AD3DD0-3341-40DE-BE35-343007E44B2C} = {7545EEB9-32F2-4CFD-9040-0285EDDA21C8}
		{D961541E-5CAD-4805-870C-261372C71E61} = {7545EEB9-32F2-4CFD-9040-0285EDDA21C8}
		{1A5907D0-AB05-49C9-A699-80F4F7DAB6D5} = {018B1866-E957-4639-9AC6-9070E6798130}
		{8EDA66D9-C543-4BA6-A482-1DFF392C50C7} = {018B1866-E957-4639-9AC6-9070E6798130}
		{EAFF1E0E-9099-47CD-A450-9AB4DD5A0A4B} = {018B1866-E957-4639-9AC6-9070E6798130}
		{BCEE2F53-5050-4C6B-AF12-A5118F85B596} = {F410868A-F6D0-4024-9537-E5A15A3BA0C1}
		{D6045127-73E1-4985-922A-144EB92D07F5} = {F410868A-F6D0-4024-9537-E5A15A3BA0C1}
		{C1DEF48F-A423-4B19-9E49-27FEE499B5F2} = {F410868A-F6D0-4024-9537-E5A15A3BA0C1}
		{8113FF9C-E575-49C6-8222-05E23B363638} = {03A9D2D9-4164-4CBC-B216-13061821A041}
		{B10B36B3-7F78-40E6-AA05-171E0954A04A} = {03A9D2D9-4164-4CBC-B216-13061821A041}
		{65EF00E6-E3AE-472F-BC0A-40A4E6B7BB22} = {03A9D2D9-4164-4CBC-B216-13061821A041}
		{F506A039-D05F-4E07-A89E-E0ED5875F23E} = {F782A216-7F40-4584-8171-E3CC4BBDBC5A}
		{2A6ADF54-10E2-4B62-B495-58B67FDEA344} = {F782A216-7F40-4584-8171-E3CC4BBDBC5A}
		{9E1F290F-AA38-45FE-814F-A8DE54F236B4} = {F782A216-7F40-4584-8171-E3CC4BBDBC5A}
		{C4C47F9C-4C57-4913-8305-A104CEEF953F} = {C878E9CC-0B69-440C-AA62-F77EBDA5EBD5}
		{42D235A3-D8EF-4965-AAE0-3D8306108C06} = {C878E9CC-0B69-440C-AA62-F77EBDA5EBD5}
		{7D4DF218-DCFC-4B79-BABC-BE8FB6BC4FEF} = {C878E9CC-0B69-440C-AA62-F77EBDA5EBD5}
	EndGlobalSection
	GlobalSection(ExtensibilityGlobals) = postSolution
		SolutionGuid = {F781C517-1817-473F-B88F-AA833CBCFEF6}
	EndGlobalSection
EndGlobal
